
Microsoft Visual Studio Solution File, Format Version 12.00
# Visual Studio Version 17
VisualStudioVersion = 17.0.31903.59
MinimumVisualStudioVersion = 10.0.40219.1
Project("{2150E333-8FDC-42A3-9474-1A3956D46DE8}") = "src", "src", "{47777338-D31B-4A92-B39E-902BBB6EB229}"
EndProject
Project("{FAE04EC0-301F-11D3-BF4B-00C04F79EFBC}") = "Rppoon.Zadaci", "src\Rppoon.Zadaci\Rppoon.Zadaci.csproj", "{87426675-55F9-4B92-929A-13F581F1932D}"
EndProject
Project("{2150E333-8FDC-42A3-9474-1A3956D46DE8}") = "tests", "tests", "{C91F4BB3-649A-42F1-B454-C1AD2A91B067}"
EndProject
Project("{FAE04EC0-301F-11D3-BF4B-00C04F79EFBC}") = "Rppoon.Testovi", "tests\Rppoon.Testovi\Rppoon.Testovi.csproj", "{D758551D-DCD2-4011-8940-0F3318CBF329}"
EndProject
Global
	GlobalSection(SolutionConfigurationPlatforms) = preSolution
		Debug|Any CPU = Debug|Any CPU
		Release|Any CPU = Release|Any CPU
	EndGlobalSection
	GlobalSection(SolutionProperties) = preSolution
		HideSolutionNode = FALSE
	EndGlobalSection
	GlobalSection(ProjectConfigurationPlatforms) = postSolution
		{87426675-55F9-4B92-929A-13F581F1932D}.Debug|Any CPU.ActiveCfg = Debug|Any CPU
		{87426675-55F9-4B92-929A-13F581F1932D}.Debug|Any CPU.Build.0 = Debug|Any CPU
		{87426675-55F9-4B92-929A-13F581F1932D}.Release|Any CPU.ActiveCfg = Release|Any CPU
		{87426675-55F9-4B92-929A-13F581F1932D}.Release|Any CPU.Build.0 = Release|Any CPU
		{D758551D-DCD2-4011-8940-0F3318CBF329}.Debug|Any CPU.ActiveCfg = Debug|Any CPU
		{D758551D-DCD2-4011-8940-0F3318CBF329}.Debug|Any CPU.Build.0 = Debug|Any CPU
		{D758551D-DCD2-4011-8940-0F3318CBF329}.Release|Any CPU.ActiveCfg = Release|Any CPU
		{D758551D-DCD2-4011-8940-0F3318CBF329}.Release|Any CPU.Build.0 = Release|Any CPU
	EndGlobalSection
	GlobalSection(NestedProjects) = preSolution
		{87426675-55F9-4B92-929A-13F581F1932D} = {47777338-D31B-4A92-B39E-902BBB6EB229}
		{D758551D-DCD2-4011-8940-0F3318CBF329} = {C91F4BB3-649A-42F1-B454-C1AD2A91B067}
	EndGlobalSection
EndGlobal
